// !$*UTF8*$!
{
	archiveVersion = 1;
	classes = {
	};
	objectVersion = 46;
	objects = {

/* Begin PBXBuildFile section */
		999867A31BA975D300FD4E71 /* main.m in Sources */ = {isa = PBXBuildFile; fileRef = 999867A21BA975D300FD4E71 /* main.m */; };
		999867A61BA975D300FD4E71 /* AppDelegate.m in Sources */ = {isa = PBXBuildFile; fileRef = 999867A51BA975D300FD4E71 /* AppDelegate.m */; };
		999867A91BA975D300FD4E71 /* ViewController.m in Sources */ = {isa = PBXBuildFile; fileRef = 999867A81BA975D300FD4E71 /* ViewController.m */; };
		999867AC1BA975D300FD4E71 /* Main.storyboard in Resources */ = {isa = PBXBuildFile; fileRef = 999867AA1BA975D300FD4E71 /* Main.storyboard */; };
		999867AE1BA975D300FD4E71 /* Images.xcassets in Resources */ = {isa = PBXBuildFile; fileRef = 999867AD1BA975D300FD4E71 /* Images.xcassets */; };
		999867B11BA975D300FD4E71 /* LaunchScreen.xib in Resources */ = {isa = PBXBuildFile; fileRef = 999867AF1BA975D300FD4E71 /* LaunchScreen.xib */; };
		999867BD1BA975D300FD4E71 /* TextboxMandatoryFormatTests.m in Sources */ = {isa = PBXBuildFile; fileRef = 999867BC1BA975D300FD4E71 /* TextboxMandatoryFormatTests.m */; };
/* End PBXBuildFile section */

/* Begin PBXContainerItemProxy section */
		999867B71BA975D300FD4E71 /* PBXContainerItemProxy */ = {
			isa = PBXContainerItemProxy;
			containerPortal = 999867951BA975D300FD4E71 /* Project object */;
			proxyType = 1;
			remoteGlobalIDString = 9998679C1BA975D300FD4E71;
			remoteInfo = TextboxMandatoryFormat;
		};
/* End PBXContainerItemProxy section */

/* Begin PBXFileReference section */
		9998679D1BA975D300FD4E71 /* TextboxMandatoryFormat.app */ = {isa = PBXFileReference; explicitFileType = wrapper.application; includeInIndex = 0; path = TextboxMandatoryFormat.app; sourceTree = BUILT_PRODUCTS_DIR; };
		999867A11BA975D300FD4E71 /* Info.plist */ = {isa = PBXFileReference; lastKnownFileType = text.plist.xml; path = Info.plist; sourceTree = "<group>"; };
		999867A21BA975D300FD4E71 /* main.m */ = {isa = PBXFileReference; lastKnownFileType = sourcecode.c.objc; path = main.m; sourceTree = "<group>"; };
		999867A41BA975D300FD4E71 /* AppDelegate.h */ = {isa = PBXFileReference; lastKnownFileType = sourcecode.c.h; path = AppDelegate.h; sourceTree = "<group>"; };
		999867A51BA975D300FD4E71 /* AppDelegate.m */ = {isa = PBXFileReference; lastKnownFileType = sourcecode.c.objc; path = AppDelegate.m; sourceTree = "<group>"; };
		999867A71BA975D300FD4E71 /* ViewController.h */ = {isa = PBXFileReference; lastKnownFileType = sourcecode.c.h; path = ViewController.h; sourceTree = "<group>"; };
		999867A81BA975D300FD4E71 /* ViewController.m */ = {isa = PBXFileReference; lastKnownFileType = sourcecode.c.objc; path = ViewController.m; sourceTree = "<group>"; };
		999867AB1BA975D300FD4E71 /* Base */ = {isa = PBXFileReference; lastKnownFileType = file.storyboard; name = Base; path = Base.lproj/Main.storyboard; sourceTree = "<group>"; };
		999867AD1BA975D300FD4E71 /* Images.xcassets */ = {isa = PBXFileReference; lastKnownFileType = folder.assetcatalog; path = Images.xcassets; sourceTree = "<group>"; };
		999867B01BA975D300FD4E71 /* Base */ = {isa = PBXFileReference; lastKnownFileType = file.xib; name = Base; path = Base.lproj/LaunchScreen.xib; sourceTree = "<group>"; };
		999867B61BA975D300FD4E71 /* TextboxMandatoryFormatTests.xctest */ = {isa = PBXFileReference; explicitFileType = wrapper.cfbundle; includeInIndex = 0; path = TextboxMandatoryFormatTests.xctest; sourceTree = BUILT_PRODUCTS_DIR; };
		999867BB1BA975D300FD4E71 /* Info.plist */ = {isa = PBXFileReference; lastKnownFileType = text.plist.xml; path = Info.plist; sourceTree = "<group>"; };
		999867BC1BA975D300FD4E71 /* TextboxMandatoryFormatTests.m */ = {isa = PBXFileReference; lastKnownFileType = sourcecode.c.objc; path = TextboxMandatoryFormatTests.m; sourceTree = "<group>"; };
/* End PBXFileReference section */

/* Begin PBXFrameworksBuildPhase section */
		9998679A1BA975D300FD4E71 /* Frameworks */ = {
			isa = PBXFrameworksBuildPhase;
			buildActionMask = 2147483647;
			files = (
			);
			runOnlyForDeploymentPostprocessing = 0;
		};
		999867B31BA975D300FD4E71 /* Frameworks */ = {
			isa = PBXFrameworksBuildPhase;
			buildActionMask = 2147483647;
			files = (
			);
			runOnlyForDeploymentPostprocessing = 0;
		};
/* End PBXFrameworksBuildPhase section */

/* Begin PBXGroup section */
		999867941BA975D300FD4E71 = {
			isa = PBXGroup;
			children = (
				9998679F1BA975D300FD4E71 /* TextboxMandatoryFormat */,
				999867B91BA975D300FD4E71 /* TextboxMandatoryFormatTests */,
				9998679E1BA975D300FD4E71 /* Products */,
			);
			sourceTree = "<group>";
		};
		9998679E1BA975D300FD4E71 /* Products */ = {
			isa = PBXGroup;
			children = (
				9998679D1BA975D300FD4E71 /* TextboxMandatoryFormat.app */,
				999867B61BA975D300FD4E71 /* TextboxMandatoryFormatTests.xctest */,
			);
			name = Products;
			sourceTree = "<group>";
		};
		9998679F1BA975D300FD4E71 /* TextboxMandatoryFormat */ = {
			isa = PBXGroup;
			children = (
				999867A41BA975D300FD4E71 /* AppDelegate.h */,
				999867A51BA975D300FD4E71 /* AppDelegate.m */,
				999867A71BA975D300FD4E71 /* ViewController.h */,
				999867A81BA975D300FD4E71 /* ViewController.m */,
				999867AA1BA975D300FD4E71 /* Main.storyboard */,
				999867AD1BA975D300FD4E71 /* Images.xcassets */,
				999867AF1BA975D300FD4E71 /* LaunchScreen.xib */,
				999867A01BA975D300FD4E71 /* Supporting Files */,
			);
			path = TextboxMandatoryFormat;
			sourceTree = "<group>";
		};
		999867A01BA975D300FD4E71 /* Supporting Files */ = {
			isa = PBXGroup;
			children = (
				999867A11BA975D300FD4E71 /* Info.plist */,
				999867A21BA975D300FD4E71 /* main.m */,
			);
			name = "Supporting Files";
			sourceTree = "<group>";
		};
		999867B91BA975D300FD4E71 /* TextboxMandatoryFormatTests */ = {
			isa = PBXGroup;
			children = (
				999867BC1BA975D300FD4E71 /* TextboxMandatoryFormatTests.m */,
				999867BA1BA975D300FD4E71 /* Supporting Files */,
			);
			path = TextboxMandatoryFormatTests;
			sourceTree = "<group>";
		};
		999867BA1BA975D300FD4E71 /* Supporting Files */ = {
			isa = PBXGroup;
			children = (
				999867BB1BA975D300FD4E71 /* Info.plist */,
			);
			name = "Supporting Files";
			sourceTree = "<group>";
		};
/* End PBXGroup section */

/* Begin PBXNativeTarget section */
		9998679C1BA975D300FD4E71 /* TextboxMandatoryFormat */ = {
			isa = PBXNativeTarget;
			buildConfigurationList = 999867C01BA975D300FD4E71 /* Build configuration list for PBXNativeTarget "TextboxMandatoryFormat" */;
			buildPhases = (
				999867991BA975D300FD4E71 /* Sources */,
				9998679A1BA975D300FD4E71 /* Frameworks */,
				9998679B1BA975D300FD4E71 /* Resources */,
			);
			buildRules = (
			);
			dependencies = (
			);
			name = TextboxMandatoryFormat;
			productName = TextboxMandatoryFormat;
			productReference = 9998679D1BA975D300FD4E71 /* TextboxMandatoryFormat.app */;
			productType = "com.apple.product-type.application";
		};
		999867B51BA975D300FD4E71 /* TextboxMandatoryFormatTests */ = {
			isa = PBXNativeTarget;
			buildConfigurationList = 999867C31BA975D300FD4E71 /* Build configuration list for PBXNativeTarget "TextboxMandatoryFormatTests" */;
			buildPhases = (
				999867B21BA975D300FD4E71 /* Sources */,
				999867B31BA975D300FD4E71 /* Frameworks */,
				999867B41BA975D300FD4E71 /* Resources */,
			);
			buildRules = (
			);
			dependencies = (
				999867B81BA975D300FD4E71 /* PBXTargetDependency */,
			);
			name = TextboxMandatoryFormatTests;
			productName = TextboxMandatoryFormatTests;
			productReference = 999867B61BA975D300FD4E71 /* TextboxMandatoryFormatTests.xctest */;
			productType = "com.apple.product-type.bundle.unit-test";
		};
/* End PBXNativeTarget section */

/* Begin PBXProject section */
		999867951BA975D300FD4E71 /* Project object */ = {
			isa = PBXProject;
			attributes = {
				LastUpgradeCheck = 0640;
				ORGANIZATIONNAME = iMitty_Works;
				TargetAttributes = {
					9998679C1BA975D300FD4E71 = {
						CreatedOnToolsVersion = 6.4;
					};
					999867B51BA975D300FD4E71 = {
						CreatedOnToolsVersion = 6.4;
						TestTargetID = 9998679C1BA975D300FD4E71;
					};
				};
			};
			buildConfigurationList = 999867981BA975D300FD4E71 /* Build configuration list for PBXProject "TextboxMandatoryFormat" */;
			compatibilityVersion = "Xcode 3.2";
			developmentRegion = English;
			hasScannedForEncodings = 0;
			knownRegions = (
				en,
				Base,
			);
			mainGroup = 999867941BA975D300FD4E71;
			productRefGroup = 9998679E1BA975D300FD4E71 /* Products */;
			projectDirPath = "";
			projectRoot = "";
			targets = (
				9998679C1BA975D300FD4E71 /* TextboxMandatoryFormat */,
				999867B51BA975D300FD4E71 /* TextboxMandatoryFormatTests */,
			);
		};
/* End PBXProject section */

/* Begin PBXResourcesBuildPhase section */
		9998679B1BA975D300FD4E71 /* Resources */ = {
			isa = PBXResourcesBuildPhase;
			buildActionMask = 2147483647;
			files = (
				999867AC1BA975D300FD4E71 /* Main.storyboard in Resources */,
				999867B11BA975D300FD4E71 /* LaunchScreen.xib in Resources */,
				999867AE1BA975D300FD4E71 /* Images.xcassets in Resources */,
			);
			runOnlyForDeploymentPostprocessing = 0;
		};
		999867B41BA975D300FD4E71 /* Resources */ = {
			isa = PBXResourcesBuildPhase;
			buildActionMask = 2147483647;
			files = (
			);
			runOnlyForDeploymentPostprocessing = 0;
		};
/* End PBXResourcesBuildPhase section */

/* Begin PBXSourcesBuildPhase section */
		999867991BA975D300FD4E71 /* Sources */ = {
			isa = PBXSourcesBuildPhase;
			buildActionMask = 2147483647;
			files = (
				999867A91BA975D300FD4E71 /* ViewController.m in Sources */,
				999867A61BA975D300FD4E71 /* AppDelegate.m in Sources */,
				999867A31BA975D300FD4E71 /* main.m in Sources */,
			);
			runOnlyForDeploymentPostprocessing = 0;
		};
		999867B21BA975D300FD4E71 /* Sources */ = {
			isa = PBXSourcesBuildPhase;
			buildActionMask = 2147483647;
			files = (
				999867BD1BA975D300FD4E71 /* TextboxMandatoryFormatTests.m in Sources */,
			);
			runOnlyForDeploymentPostprocessing = 0;
		};
/* End PBXSourcesBuildPhase section */

/* Begin PBXTargetDependency section */
		999867B81BA975D300FD4E71 /* PBXTargetDependency */ = {
			isa = PBXTargetDependency;
			target = 9998679C1BA975D300FD4E71 /* TextboxMandatoryFormat */;
			targetProxy = 999867B71BA975D300FD4E71 /* PBXContainerItemProxy */;
		};
/* End PBXTargetDependency section */

/* Begin PBXVariantGroup section */
		999867AA1BA975D300FD4E71 /* Main.storyboard */ = {
			isa = PBXVariantGroup;
			children = (
				999867AB1BA975D300FD4E71 /* Base */,
			);
			name = Main.storyboard;
			sourceTree = "<group>";
		};
		999867AF1BA975D300FD4E71 /* LaunchScreen.xib */ = {
			isa = PBXVariantGroup;
			children = (
				999867B01BA975D300FD4E71 /* Base */,
			);
			name = LaunchScreen.xib;
			sourceTree = "<group>";
		};
/* End PBXVariantGroup section */

/* Begin XCBuildConfiguration section */
		999867BE1BA975D300FD4E71 /* Debug */ = {
			isa = XCBuildConfiguration;
			buildSettings = {
				ALWAYS_SEARCH_USER_PATHS = NO;
				CLANG_CXX_LANGUAGE_STANDARD = "gnu++0x";
				CLANG_CXX_LIBRARY = "libc++";
				CLANG_ENABLE_MODULES = YES;
				CLANG_ENABLE_OBJC_ARC = YES;
				CLANG_WARN_BOOL_CONVERSION = YES;
				CLANG_WARN_CONSTANT_CONVERSION = YES;
				CLANG_WARN_DIRECT_OBJC_ISA_USAGE = YES_ERROR;
				CLANG_WARN_EMPTY_BODY = YES;
				CLANG_WARN_ENUM_CONVERSION = YES;
				CLANG_WARN_INT_CONVERSION = YES;
				CLANG_WARN_OBJC_ROOT_CLASS = YES_ERROR;
				CLANG_WARN_UNREACHABLE_CODE = YES;
				CLANG_WARN__DUPLICATE_METHOD_MATCH = YES;
				"CODE_SIGN_IDENTITY[sdk=iphoneos*]" = "iPhone Developer";
				COPY_PHASE_STRIP = NO;
				DEBUG_INFORMATION_FORMAT = "dwarf-with-dsym";
				ENABLE_STRICT_OBJC_MSGSEND = YES;
				GCC_C_LANGUAGE_STANDARD = gnu99;
				GCC_DYNAMIC_NO_PIC = NO;
				GCC_NO_COMMON_BLOCKS = YES;
				GCC_OPTIMIZATION_LEVEL = 0;
				GCC_PREPROCESSOR_DEFINITIONS = (
					"DEBUG=1",
					"$(inherited)",
				);
				GCC_SYMBOLS_PRIVATE_EXTERN = NO;
				GCC_WARN_64_TO_32_BIT_CONVERSION = YES;
				GCC_WARN_ABOUT_RETURN_TYPE = YES_ERROR;
				GCC_WARN_UNDECLARED_SELECTOR = YES;
				GCC_WARN_UNINITIALIZED_AUTOS = YES_AGGRESSIVE;
				GCC_WARN_UNUSED_FUNCTION = YES;
				GCC_WARN_UNUSED_VARIABLE = YES;
				IPHONEOS_DEPLOYMENT_TARGET = 8.4;
				MTL_ENABLE_DEBUG_INFO = YES;
				ONLY_ACTIVE_ARCH = YES;
				SDKROOT = iphoneos;
				TARGETED_DEVICE_FAMILY = "1,2";
			};
			name = Debug;
		};
		999867BF1BA975D300FD4E71 /* Release */ = {
			isa = XCBuildConfiguration;
			buildSettings = {
				ALWAYS_SEARCH_USER_PATHS = NO;
				CLANG_CXX_LANGUAGE_STANDARD = "gnu++0x";
				CLANG_CXX_LIBRARY = "libc++";
				CLANG_ENABLE_MODULES = YES;
				CLANG_ENABLE_OBJC_ARC = YES;
				CLANG_WARN_BOOL_CONVERSION = YES;
				CLANG_WARN_CONSTANT_CONVERSION = YES;
				CLANG_WARN_DIRECT_OBJC_ISA_USAGE = YES_ERROR;
				CLANG_WARN_EMPTY_BODY = YES;
				CLANG_WARN_ENUM_CONVERSION = YES;
				CLANG_WARN_INT_CONVERSION = YES;
				CLANG_WARN_OBJC_ROOT_CLASS = YES_ERROR;
				CLANG_WARN_UNREACHABLE_CODE = YES;
				CLANG_WARN__DUPLICATE_METHOD_MATCH = YES;
				"CODE_SIGN_IDENTITY[sdk=iphoneos*]" = "iPhone Developer";
				COPY_PHASE_STRIP = NO;
				DEBUG_INFORMATION_FORMAT = "dwarf-with-dsym";
				ENABLE_NS_ASSERTIONS = NO;
				ENABLE_STRICT_OBJC_MSGSEND = YES;
				GCC_C_LANGUAGE_STANDARD = gnu99;
				GCC_NO_COMMON_BLOCKS = YES;
				GCC_WARN_64_TO_32_BIT_CONVERSION = YES;
				GCC_WARN_ABOUT_RETURN_TYPE = YES_ERROR;
				GCC_WARN_UNDECLARED_SELECTOR = YES;
				GCC_WARN_UNINITIALIZED_AUTOS = YES_AGGRESSIVE;
				GCC_WARN_UNUSED_FUNCTION = YES;
				GCC_WARN_UNUSED_VARIABLE = YES;
				IPHONEOS_DEPLOYMENT_TARGET = 8.4;
				MTL_ENABLE_DEBUG_INFO = NO;
				SDKROOT = iphoneos;
				TARGETED_DEVICE_FAMILY = "1,2";
				VALIDATE_PRODUCT = YES;
			};
			name = Release;
		};
		999867C11BA975D300FD4E71 /* Debug */ = {
			isa = XCBuildConfiguration;
			buildSettings = {
				ASSETCATALOG_COMPILER_APPICON_NAME = AppIcon;
				INFOPLIST_FILE = TextboxMandatoryFormat/Info.plist;
				LD_RUNPATH_SEARCH_PATHS = "$(inherited) @executable_path/Frameworks";
				PRODUCT_NAME = "$(TARGET_NAME)";
			};
			name = Debug;
		};
		999867C21BA975D300FD4E71 /* Release */ = {
			isa = XCBuildConfiguration;
			buildSettings = {
				ASSETCATALOG_COMPILER_APPICON_NAME = AppIcon;
				INFOPLIST_FILE = TextboxMandatoryFormat/Info.plist;
				LD_RUNPATH_SEARCH_PATHS = "$(inherited) @executable_path/Frameworks";
				PRODUCT_NAME = "$(TARGET_NAME)";
			};
			name = Release;
		};
		999867C41BA975D300FD4E71 /* Debug */ = {
			isa = XCBuildConfiguration;
			buildSettings = {
				BUNDLE_LOADER = "$(TEST_HOST)";
				FRAMEWORK_SEARCH_PATHS = (
					"$(SDKROOT)/Developer/Library/Frameworks",
					"$(inherited)",
				);
				GCC_PREPROCESSOR_DEFINITIONS = (
					"DEBUG=1",
					"$(inherited)",
				);
				INFOPLIST_FILE = TextboxMandatoryFormatTests/Info.plist;
				LD_RUNPATH_SEARCH_PATHS = "$(inherited) @executable_path/Frameworks @loader_path/Frameworks";
				PRODUCT_NAME = "$(TARGET_NAME)";
				TEST_HOST = "$(BUILT_PRODUCTS_DIR)/TextboxMandatoryFormat.app/TextboxMandatoryFormat";
			};
			name = Debug;
		};
		999867C51BA975D300FD4E71 /* Release */ = {
			isa = XCBuildConfiguration;
			buildSettings = {
				BUNDLE_LOADER = "$(TEST_HOST)";
				FRAMEWORK_SEARCH_PATHS = (
					"$(SDKROOT)/Developer/Library/Frameworks",
					"$(inherited)",
				);
				INFOPLIST_FILE = TextboxMandatoryFormatTests/Info.plist;
				LD_RUNPATH_SEARCH_PATHS = "$(inherited) @executable_path/Frameworks @loader_path/Frameworks";
				PRODUCT_NAME = "$(TARGET_NAME)";
				TEST_HOST = "$(BUILT_PRODUCTS_DIR)/TextboxMandatoryFormat.app/TextboxMandatoryFormat";
			};
			name = Release;
		};
/* End XCBuildConfiguration section */

/* Begin XCConfigurationList section */
		999867981BA975D300FD4E71 /* Build configuration list for PBXProject "TextboxMandatoryFormat" */ = {
			isa = XCConfigurationList;
			buildConfigurations = (
				999867BE1BA975D300FD4E71 /* Debug */,
				999867BF1BA975D300FD4E71 /* Release */,
			);
			defaultConfigurationIsVisible = 0;
			defaultConfigurationName = Release;
		};
		999867C01BA975D300FD4E71 /* Build configuration list for PBXNativeTarget "TextboxMandatoryFormat" */ = {
			isa = XCConfigurationList;
			buildConfigurations = (
				999867C11BA975D300FD4E71 /* Debug */,
				999867C21BA975D300FD4E71 /* Release */,
			);
			defaultConfigurationIsVisible = 0;
		};
		999867C31BA975D300FD4E71 /* Build configuration list for PBXNativeTarget "TextboxMandatoryFormatTests" */ = {
			isa = XCConfigurationList;
			buildConfigurations = (
				999867C41BA975D300FD4E71 /* Debug */,
				999867C51BA975D300FD4E71 /* Release */,
			);
			defaultConfigurationIsVisible = 0;
		};
/* End XCConfigurationList section */
	};
	rootObject = 999867951BA975D300FD4E71 /* Project object */;
}
